<?xml version="1.0" encoding="utf-8"?>
<Project ToolsVersion="4.0" xmlns="http://schemas.microsoft.com/developer/msbuild/2003">
  <ItemGroup>
    <ClCompile Include="Main.cpp" />
    <ClCompile Include="stdafx.cpp" />
    <ClCompile Include="ExportFile.cpp" />
    <ClCompile Include="ModelDemo.cpp">
      <Filter>Demo</Filter>
    </ClCompile>
    <ClCompile Include="Converter.cpp">
      <Filter>Writer</Filter>
    </ClCompile>
  </ItemGroup>
  <ItemGroup>
    <ClInclude Include="Main.h" />
    <ClInclude Include="stdafx.h" />
    <ClInclude Include="Types.h" />
    <ClInclude Include="ExportFile.h" />
    <ClInclude Include="ModelDemo.h">
      <Filter>Demo</Filter>
    </ClInclude>
    <ClInclude Include="Converter.h">
      <Filter>Writer</Filter>
    </ClInclude>
  </ItemGroup>
  <ItemGroup>
    <Filter Include="Demo">
      <UniqueIdentifier>{13420e8d-f915-425b-8b0f-93d3a721a85b}</UniqueIdentifier>
    </Filter>
    <Filter Include="Writer">
      <UniqueIdentifier>{61e3bceb-b857-4708-ba3d-7a3b654b1730}</UniqueIdentifier>
    </Filter>
  </ItemGroup>
</Project>